GEM
  remote: https://rubygems.org/
  specs:
    github-pages (231)
      activesupport (= 6.1.7.7)
      github-pages-health-check (= 1.17.10)
      jekyll (= 3.9.5)
      jekyll-avatar (= 0.7.0)
      jekyll-coffeescript (= 1.2.2)
      jekyll-commonmark-ghpages (= 0.4.0)
      jekyll-default-layout (= 0.1.5)
      jekyll-feed (= 0.17.0)
      jekyll-gist (= 1.5.0)
      jekyll-github-metadata (= 2.16.1)
      jekyll-include-cache (= 0.2.1)
      jekyll-paginate (= 1.1.0)
      jekyll-readme-index (= 0.3.0)
      jekyll-redirect-from (= 0.16.0)
      jekyll-relative-links (= 0.6.1)
      jekyll-remote-theme (= 0.4.3)
      jekyll-sass-converter (= 1.5.2)
      jekyll-seo-tag (= 2.8.0)
      jekyll-sitemap (= 1.4.0)
      jemoji (= 0.13.0)
      kramdown (= 2.4.0)
      kramdown-parser-gfm (= 1.1.0)
      liquid (= 4.0.4)
      listen (= 3.7.0)
      mercenary (= 0.4.0)
      minima (= 2.5.1)
      nokogiri (>= 1.13.6)
      rouge (= 3.30.0)
      terminal-table (= 1.8.0)

PLATFORMS
  ruby

DEPENDENCIES
  github-pages

BUNDLED WITH
   2.4.22